{
  "name": "functional_programming_with_javascript",
  "version": "1.0.0",
  "lockfileVersion": 1,
  "dependencies": {
    "ansi-regex": {
      "version": "2.1.1",
      "resolved": "https://registry.npmjs.org/ansi-regex/-/ansi-regex-2.1.1.tgz",
      "integrity": "sha1-w7M6te42DYbg5ijwRorn7yfWVN8="
    },
    "array-iterate": {
      "version": "1.1.1",
      "resolved": "https://registry.npmjs.org/array-iterate/-/array-iterate-1.1.1.tgz",
      "integrity": "sha1-hlv3+K851rCYLGCQKRSsdrwBCPY="
    },
    "bail": {
      "version": "1.0.2",
      "resolved": "https://registry.npmjs.org/bail/-/bail-1.0.2.tgz",
      "integrity": "sha1-99bBcxYwqfnw1NNe0fli4gdKF2Q="
    },
    "ccount": {
      "version": "1.0.2",
      "resolved": "https://registry.npmjs.org/ccount/-/ccount-1.0.2.tgz",
      "integrity": "sha1-U7ai+BW7d7nChx97mnLDol8djok="
    },
    "character-entities": {
      "version": "1.2.1",
      "resolved": "https://registry.npmjs.org/character-entities/-/character-entities-1.2.1.tgz",
      "integrity": "sha1-92hxvl72bdt/j440eOzDdMJ9bco="
    },
    "character-entities-html4": {
      "version": "1.1.1",
      "resolved": "https://registry.npmjs.org/character-entities-html4/-/character-entities-html4-1.1.1.tgz",
      "integrity": "sha1-NZoqSg9+KdPcKsmb2+Ie45Q46lA="
    },
    "character-entities-legacy": {
      "version": "1.1.1",
      "resolved": "https://registry.npmjs.org/character-entities-legacy/-/character-entities-legacy-1.1.1.tgz",
      "integrity": "sha1-9Ad53xoQGHK7UQo9KV4fzPFHIC8="
    },
    "character-reference-invalid": {
      "version": "1.1.1",
      "resolved": "https://registry.npmjs.org/character-reference-invalid/-/character-reference-invalid-1.1.1.tgz",
      "integrity": "sha1-lCg191Dk7GGjCOYMLvjMEBEgLvw="
    },
    "co": {
      "version": "3.1.0",
      "resolved": "https://registry.npmjs.org/co/-/co-3.1.0.tgz",
      "integrity": "sha1-TqVOpaCJOBUxheFSEMaNkJK8G3g="
    },
    "code-point-at": {
      "version": "1.1.0",
      "resolved": "https://registry.npmjs.org/code-point-at/-/code-point-at-1.1.0.tgz",
      "integrity": "sha1-DQcLTQQ6W+ozovGkDi7bPZpMz3c="
    },
    "collapse-white-space": {
      "version": "1.0.3",
      "resolved": "https://registry.npmjs.org/collapse-white-space/-/collapse-white-space-1.0.3.tgz",
      "integrity": "sha1-S5BvZw5aljqHt2sOFolkM0G2Ajw="
    },
    "comma-separated-tokens": {
      "version": "1.0.4",
      "resolved": "https://registry.npmjs.org/comma-separated-tokens/-/comma-separated-tokens-1.0.4.tgz",
      "integrity": "sha1-cgg+WNSkYvAYZvZhf02Yo807ikY="
    },
    "detab": {
      "version": "2.0.0",
      "resolved": "https://registry.npmjs.org/detab/-/detab-2.0.0.tgz",
      "integrity": "sha1-SFvXlU0jSAkumY9/8aef2Yadm1A="
    },
    "extend": {
      "version": "3.0.1",
      "resolved": "https://registry.npmjs.org/extend/-/extend-3.0.1.tgz",
      "integrity": "sha1-p1Xqe8Gt/MWjHOfnYtuq3F5jZEQ="
    },
    "has-flag": {
      "version": "2.0.0",
      "resolved": "https://registry.npmjs.org/has-flag/-/has-flag-2.0.0.tgz",
      "integrity": "sha1-6CB68cx7MNRGzHC3NLXovhj4jVE="
    },
    "hast-util-is-element": {
      "version": "1.0.0",
      "resolved": "https://registry.npmjs.org/hast-util-is-element/-/hast-util-is-element-1.0.0.tgz",
      "integrity": "sha1-P3IWl4sq4U2YdJh4eCZ18zvjzgA="
    },
    "hast-util-sanitize": {
      "version": "1.1.1",
      "resolved": "https://registry.npmjs.org/hast-util-sanitize/-/hast-util-sanitize-1.1.1.tgz",
      "integrity": "sha1-xDmFLZ23/1VOzWvpZDWmqCdK3jI="
    },
    "hast-util-to-html": {
      "version": "3.1.0",
      "resolved": "https://registry.npmjs.org/hast-util-to-html/-/hast-util-to-html-3.1.0.tgz",
      "integrity": "sha1-iCyZhJ5AEw6ZHAQuRW1FPZXDbP8="
    },
    "hast-util-whitespace": {
      "version": "1.0.0",
      "resolved": "https://registry.npmjs.org/hast-util-whitespace/-/hast-util-whitespace-1.0.0.tgz",
      "integrity": "sha1-vQlpGWJdKTbh/xe8Tff9cn8X7Ok="
    },
    "html-void-elements": {
      "version": "1.0.2",
      "resolved": "https://registry.npmjs.org/html-void-elements/-/html-void-elements-1.0.2.tgz",
      "integrity": "sha1-nSLgyjKsyVs/RbjVtPb73AWv/VU="
    },
    "inherits": {
      "version": "2.0.3",
      "resolved": "https://registry.npmjs.org/inherits/-/inherits-2.0.3.tgz",
      "integrity": "sha1-Yzwsg+PaQqUC9SRmAiSA9CCCYd4="
    },
    "irregular-plurals": {
      "version": "1.3.0",
      "resolved": "https://registry.npmjs.org/irregular-plurals/-/irregular-plurals-1.3.0.tgz",
      "integrity": "sha512-njf5A+Mxb3kojuHd1DzISjjIl+XhyzovXEOyPPSzdQozq/Lf2tN27mOrAAsxEPZxpn6I4MGzs1oo9TxXxPFpaA=="
    },
    "is-alphabetical": {
      "version": "1.0.1",
      "resolved": "https://registry.npmjs.org/is-alphabetical/-/is-alphabetical-1.0.1.tgz",
      "integrity": "sha1-x3B5zJHU76x3W+EDS/LSQ/lebwg="
    },
    "is-alphanumeric": {
      "version": "1.0.0",
      "resolved": "https://registry.npmjs.org/is-alphanumeric/-/is-alphanumeric-1.0.0.tgz",
      "integrity": "sha1-Spzvcdr0wAHB2B1j0UDPU/1oifQ="
    },
    "is-alphanumerical": {
      "version": "1.0.1",
      "resolved": "https://registry.npmjs.org/is-alphanumerical/-/is-alphanumerical-1.0.1.tgz",
      "integrity": "sha1-37SqTRCF4zvbYcLe6cgOnGwZ9Ts="
    },
    "is-buffer": {
      "version": "1.1.5",
      "resolved": "https://registry.npmjs.org/is-buffer/-/is-buffer-1.1.5.tgz",
      "integrity": "sha1-Hzsm72E7IUuIy8ojzGwB2Hlh7sw="
    },
    "is-decimal": {
      "version": "1.0.1",
      "resolved": "https://registry.npmjs.org/is-decimal/-/is-decimal-1.0.1.tgz",
      "integrity": "sha1-9ftqlJlq2ejjdh+/vQkfH8qMToI="
    },
    "is-fullwidth-code-point": {
      "version": "1.0.0",
      "resolved": "https://registry.npmjs.org/is-fullwidth-code-point/-/is-fullwidth-code-point-1.0.0.tgz",
      "integrity": "sha1-754xOG8DGn8NZDr4L95QxFfvAMs="
    },
    "is-hexadecimal": {
      "version": "1.0.1",
      "resolved": "https://registry.npmjs.org/is-hexadecimal/-/is-hexadecimal-1.0.1.tgz",
      "integrity": "sha1-bghLvJIGH7sJcexYts5tQE4k2mk="
    },
    "is-plain-obj": {
      "version": "1.1.0",
      "resolved": "https://registry.npmjs.org/is-plain-obj/-/is-plain-obj-1.1.0.tgz",
      "integrity": "sha1-caUMhCnfync8kqOQpKA7OfzVHT4="
    },
    "is-whitespace-character": {
      "version": "1.0.1",
      "resolved": "https://registry.npmjs.org/is-whitespace-character/-/is-whitespace-character-1.0.1.tgz",
      "integrity": "sha1-muAXbzKCtlRXoZks2whPil+DPjs="
    },
    "is-word-character": {
      "version": "1.0.1",
      "resolved": "https://registry.npmjs.org/is-word-character/-/is-word-character-1.0.1.tgz",
      "integrity": "sha1-WgP6HqkazopusMfNdw64bWXIvvs="
    },
    "kebab-case": {
      "version": "1.0.0",
      "resolved": "https://registry.npmjs.org/kebab-case/-/kebab-case-1.0.0.tgz",
      "integrity": "sha1-P55JkK3K0MaGwOcB92RYaPdfkes="
    },
    "longest-streak": {
      "version": "2.0.1",
      "resolved": "https://registry.npmjs.org/longest-streak/-/longest-streak-2.0.1.tgz",
      "integrity": "sha1-QtKRtUEeQDZcAOYxk0l+IkcxbjU="
    },
    "markdown-escapes": {
      "version": "1.0.1",
      "resolved": "https://registry.npmjs.org/markdown-escapes/-/markdown-escapes-1.0.1.tgz",
      "integrity": "sha1-GZTfLTr0gR3lmmcUk0wrIpJzRRg="
    },
    "markdown-table": {
      "version": "1.1.1",
      "resolved": "https://registry.npmjs.org/markdown-table/-/markdown-table-1.1.1.tgz",
      "integrity": "sha1-Sz3ToTPRUYuO8NvHCb8qG0gkvIw="
    },
    "mdast-comment-marker": {
      "version": "1.0.2",
      "resolved": "https://registry.npmjs.org/mdast-comment-marker/-/mdast-comment-marker-1.0.2.tgz",
      "integrity": "sha1-Hd8O+BH7UkOQF8jSwLkiA18rp0o="
    },
    "mdast-util-compact": {
      "version": "1.0.1",
      "resolved": "https://registry.npmjs.org/mdast-util-compact/-/mdast-util-compact-1.0.1.tgz",
      "integrity": "sha1-zbX4TitqLTEU3zO9BdnLMuPECDo="
    },
    "mdast-util-definitions": {
      "version": "1.2.2",
      "resolved": "https://registry.npmjs.org/mdast-util-definitions/-/mdast-util-definitions-1.2.2.tgz",
      "integrity": "sha512-9NloPSwaB9f1PKcGqaScfqRf6zKOEjTIXVIbPOmgWI/JKxznlgVXC5C+8qgl3AjYg2vJBRgLYfLICaNiac89iA=="
    },
    "mdast-util-heading-style": {
      "version": "1.0.3",
      "resolved": "https://registry.npmjs.org/mdast-util-heading-style/-/mdast-util-heading-style-1.0.3.tgz",
      "integrity": "sha1-77OQ28iqAWw89XegNJANsn7nJHw="
    },
    "mdast-util-to-hast": {
      "version": "2.4.2",
      "resolved": "https://registry.npmjs.org/mdast-util-to-hast/-/mdast-util-to-hast-2.4.2.tgz",
      "integrity": "sha1-8Rbovz2ncrpaOXqS2rCQ9bqRyqA="
    },
    "mdast-util-to-string": {
      "version": "1.0.4",
      "resolved": "https://registry.npmjs.org/mdast-util-to-string/-/mdast-util-to-string-1.0.4.tgz",
      "integrity": "sha1-XEVch4yTVfDB5/PotxnPWDaRrPs="
    },
    "normalize-uri": {
      "version": "1.1.0",
      "resolved": "https://registry.npmjs.org/normalize-uri/-/normalize-uri-1.1.0.tgz",
      "integrity": "sha1-AftEDH/QWbnZvoZFqsFDQe/QWd0="
    },
    "number-is-nan": {
      "version": "1.0.1",
      "resolved": "https://registry.npmjs.org/number-is-nan/-/number-is-nan-1.0.1.tgz",
      "integrity": "sha1-CXtgK1NCKlIsGvuHkDGDNpQaAR0="
    },
    "object-assign": {
      "version": "4.1.1",
      "resolved": "https://registry.npmjs.org/object-assign/-/object-assign-4.1.1.tgz",
      "integrity": "sha1-IQmtx5ZYh8/AXLvUQsrIv7s2CGM="
    },
    "parse-entities": {
      "version": "1.1.1",
      "resolved": "https://registry.npmjs.org/parse-entities/-/parse-entities-1.1.1.tgz",
      "integrity": "sha1-gRLYhHExnyerrk1klksSL+ThuJA="
    },
    "plur": {
      "version": "2.1.2",
      "resolved": "https://registry.npmjs.org/plur/-/plur-2.1.2.tgz",
      "integrity": "sha1-dIJFLBoPUI4+NE6uwxLJHCncZVo="
    },
    "property-information": {
      "version": "3.2.0",
      "resolved": "https://registry.npmjs.org/property-information/-/property-information-3.2.0.tgz",
      "integrity": "sha1-/RSDyPusYYCPX+NZ52k6H0ilgzE="
    },
    "remark": {
      "version": "8.0.0",
      "resolved": "https://registry.npmjs.org/remark/-/remark-8.0.0.tgz",
      "integrity": "sha512-K0PTsaZvJlXTl9DN6qYlvjTkqSZBFELhROZMrblm2rB+085flN84nz4g/BscKRMqDvhzlK1oQ/xnWQumdeNZYw=="
    },
    "remark-html": {
      "version": "6.0.1",
      "resolved": "https://registry.npmjs.org/remark-html/-/remark-html-6.0.1.tgz",
      "integrity": "sha1-UJTSxx95Qf2yroZbrHZid1fOCcE="
    },
    "remark-lint": {
      "version": "6.0.0",
      "resolved": "https://registry.npmjs.org/remark-lint/-/remark-lint-6.0.0.tgz",
      "integrity": "sha1-6YJM+REvq38DkVkU8F6wFfEXBD8="
    },
    "remark-lint-final-newline": {
      "version": "1.0.0",
      "resolved": "https://registry.npmjs.org/remark-lint-final-newline/-/remark-lint-final-newline-1.0.0.tgz",
      "integrity": "sha1-jZNVArRDhLmHFqj+EJ5EJy63IyE="
    },
    "remark-lint-hard-break-spaces": {
      "version": "1.0.1",
      "resolved": "https://registry.npmjs.org/remark-lint-hard-break-spaces/-/remark-lint-hard-break-spaces-1.0.1.tgz",
      "integrity": "sha1-nIIRjMl6ktnpl5c2xbUbmvD/oo8="
    },
    "remark-lint-list-item-bullet-indent": {
      "version": "1.0.0",
      "resolved": "https://registry.npmjs.org/remark-lint-list-item-bullet-indent/-/remark-lint-list-item-bullet-indent-1.0.0.tgz",
      "integrity": "sha1-JEOrNgo95knpZuzLQTysZD5JR80="
    },
    "remark-lint-list-item-indent": {
      "version": "1.0.0",
      "resolved": "https://registry.npmjs.org/remark-lint-list-item-indent/-/remark-lint-list-item-indent-1.0.0.tgz",
      "integrity": "sha1-TQ9EtiuHNVcaxnjEPJ0snLj2n28="
    },
    "remark-lint-no-auto-link-without-protocol": {
      "version": "1.0.0",
      "resolved": "https://registry.npmjs.org/remark-lint-no-auto-link-without-protocol/-/remark-lint-no-auto-link-without-protocol-1.0.0.tgz",
      "integrity": "sha1-QXcsKXos8SegqTfHdAPe/fzC3V8="
    },
    "remark-lint-no-blockquote-without-marker": {
      "version": "2.0.0",
      "resolved": "https://registry.npmjs.org/remark-lint-no-blockquote-without-marker/-/remark-lint-no-blockquote-without-marker-2.0.0.tgz",
      "integrity": "sha512-3AT+0ivP/OcUgKGE/42NXTUOaypBVOSsA5LZhTJLGJXmjS2tSHSc2WSTT7rrJ+A8BymXfWH5eSsS2jfbCZ7EJw=="
    },
    "remark-lint-no-duplicate-definitions": {
      "version": "1.0.0",
      "resolved": "https://registry.npmjs.org/remark-lint-no-duplicate-definitions/-/remark-lint-no-duplicate-definitions-1.0.0.tgz",
      "integrity": "sha1-JrQs2O2Oq50tdYQsmNNrS+ZTC3M="
    },
    "remark-lint-no-heading-content-indent": {
      "version": "1.0.0",
      "resolved": "https://registry.npmjs.org/remark-lint-no-heading-content-indent/-/remark-lint-no-heading-content-indent-1.0.0.tgz",
      "integrity": "sha1-onGv2WZNbk93WzZhJPKXO/sfRTU="
    },
    "remark-lint-no-inline-padding": {
      "version": "1.0.0",
      "resolved": "https://registry.npmjs.org/remark-lint-no-inline-padding/-/remark-lint-no-inline-padding-1.0.0.tgz",
      "integrity": "sha1-1fpFqghvPVwFSPstEaAglQ4uQrw="
    },
    "remark-lint-no-literal-urls": {
      "version": "1.0.0",
      "resolved": "https://registry.npmjs.org/remark-lint-no-literal-urls/-/remark-lint-no-literal-urls-1.0.0.tgz",
      "integrity": "sha1-ykN+8mZhiJE0GJXW0Pq2zS7jfzs="
    },
    "remark-lint-no-shortcut-reference-image": {
      "version": "1.0.0",
      "resolved": "https://registry.npmjs.org/remark-lint-no-shortcut-reference-image/-/remark-lint-no-shortcut-reference-image-1.0.0.tgz",
      "integrity": "sha1-c1m4IEwlsBb9zIiUenlS9p73kr4="
    },
    "remark-lint-no-shortcut-reference-link": {
      "version": "1.0.1",
      "resolved": "https://registry.npmjs.org/remark-lint-no-shortcut-reference-link/-/remark-lint-no-shortcut-reference-link-1.0.1.tgz",
      "integrity": "sha1-AlNESezdpDn3D04OjMnRoUBrIpw="
    },
    "remark-lint-no-undefined-references": {
      "version": "1.0.0",
      "resolved": "https://registry.npmjs.org/remark-lint-no-undefined-references/-/remark-lint-no-undefined-references-1.0.0.tgz",
      "integrity": "sha1-+x3amWEFGTQ+F7AsNKW52vC09+k="
    },
    "remark-lint-no-unused-definitions": {
      "version": "1.0.0",
      "resolved": "https://registry.npmjs.org/remark-lint-no-unused-definitions/-/remark-lint-no-unused-definitions-1.0.0.tgz",
      "integrity": "sha1-QcS3t5mInCTnATQGXXz/W5DEVu0="
    },
    "remark-lint-ordered-list-marker-style": {
      "version": "1.0.0",
      "resolved": "https://registry.npmjs.org/remark-lint-ordered-list-marker-style/-/remark-lint-ordered-list-marker-style-1.0.0.tgz",
      "integrity": "sha1-C0hu+5r0q8VkbHpYvyI5PH0iIKE="
    },
    "remark-message-control": {
      "version": "4.0.1",
      "resolved": "https://registry.npmjs.org/remark-message-control/-/remark-message-control-4.0.1.tgz",
      "integrity": "sha1-KRPNYLMW2fnzkKp/NGOdIM9VmW0="
    },
    "remark-parse": {
      "version": "4.0.0",
      "resolved": "https://registry.npmjs.org/remark-parse/-/remark-parse-4.0.0.tgz",
      "integrity": "sha512-XZgICP2gJ1MHU7+vQaRM+VA9HEL3X253uwUM/BGgx3iv6TH2B3bF3B8q00DKcyP9YrJV+/7WOWEWBFF/u8cIsw=="
    },
    "remark-preset-lint-recommended": {
      "version": "3.0.0",
      "resolved": "https://registry.npmjs.org/remark-preset-lint-recommended/-/remark-preset-lint-recommended-3.0.0.tgz",
      "integrity": "sha512-QuCWkzY2FINVaX8+u48qdp6+RakynZdd03hm5C5ZI12mpTymhahU5FpI/G28z+Nv/IaAIEcRj3d5me1vP2ULTQ=="
    },
    "remark-stringify": {
      "version": "4.0.0",
      "resolved": "https://registry.npmjs.org/remark-stringify/-/remark-stringify-4.0.0.tgz",
      "integrity": "sha512-xLuyKTnuQer3ke9hkU38SUYLiTmS078QOnoFavztmbt/pAJtNSkNtFgR0U//uCcmG0qnyxao+PDuatQav46F1w=="
    },
    "repeat-string": {
      "version": "1.6.1",
      "resolved": "https://registry.npmjs.org/repeat-string/-/repeat-string-1.6.1.tgz",
      "integrity": "sha1-jcrkcOHIirwtYA//Sndihtp15jc="
    },
    "replace-ext": {
      "version": "1.0.0",
      "resolved": "https://registry.npmjs.org/replace-ext/-/replace-ext-1.0.0.tgz",
      "integrity": "sha1-3mMSg3P8v3w8z6TeWkgMRaZ5WOs="
    },
    "sliced": {
      "version": "1.0.1",
      "resolved": "https://registry.npmjs.org/sliced/-/sliced-1.0.1.tgz",
      "integrity": "sha1-CzpmK10Ewxd7GSa+qCsD+Dei70E="
    },
    "space-separated-tokens": {
      "version": "1.1.1",
      "resolved": "https://registry.npmjs.org/space-separated-tokens/-/space-separated-tokens-1.1.1.tgz",
      "integrity": "sha1-lpW5355lrsGBHUw/nOUlILwvfk0="
    },
    "state-toggle": {
      "version": "1.0.0",
      "resolved": "https://registry.npmjs.org/state-toggle/-/state-toggle-1.0.0.tgz",
      "integrity": "sha1-0g+aYWu08MO5i5GSLSW2QKorxCU="
    },
    "string-width": {
      "version": "1.0.2",
      "resolved": "https://registry.npmjs.org/string-width/-/string-width-1.0.2.tgz",
      "integrity": "sha1-EYvfW4zcUaKn5w0hHgfisLmxB9M="
    },
    "stringify-entities": {
      "version": "1.3.1",
      "resolved": "https://registry.npmjs.org/stringify-entities/-/stringify-entities-1.3.1.tgz",
      "integrity": "sha1-sVDsLXKsTBtfMktR+2soyc3/BYw="
    },
    "strip-ansi": {
      "version": "3.0.1",
      "resolved": "https://registry.npmjs.org/strip-ansi/-/strip-ansi-3.0.1.tgz",
      "integrity": "sha1-ajhfuIU9lS1f8F0Oiq+UJ43GPc8="
    },
    "supports-color": {
      "version": "4.2.1",
      "resolved": "https://registry.npmjs.org/supports-color/-/supports-color-4.2.1.tgz",
      "integrity": "sha512-qxzYsob3yv6U+xMzPrv170y8AwGP7i74g+pbixCfD6rgso8BscLT2qXIuz6TpOaiJZ3mFgT5O9lyT9nMU4LfaA=="
    },
    "trim": {
      "version": "0.0.1",
      "resolved": "https://registry.npmjs.org/trim/-/trim-0.0.1.tgz",
      "integrity": "sha1-WFhUf2spB1fulczMZm+1AITEYN0="
    },
    "trim-lines": {
      "version": "1.1.0",
      "resolved": "https://registry.npmjs.org/trim-lines/-/trim-lines-1.1.0.tgz",
      "integrity": "sha1-mSbQPt4Tuhj31CIiYx+wTHn/Jv4="
    },
    "trim-trailing-lines": {
      "version": "1.1.0",
      "resolved": "https://registry.npmjs.org/trim-trailing-lines/-/trim-trailing-lines-1.1.0.tgz",
      "integrity": "sha1-eu+7eAjfnWafbaLkOMrIxGradoQ="
    },
    "trough": {
      "version": "1.0.1",
      "resolved": "https://registry.npmjs.org/trough/-/trough-1.0.1.tgz",
      "integrity": "sha1-qf2LA5Swro//guBjOgo2zK1bX4Y="
    },
    "unherit": {
      "version": "1.1.0",
      "resolved": "https://registry.npmjs.org/unherit/-/unherit-1.1.0.tgz",
      "integrity": "sha1-a5qu379z3xdWrZ4xbdmBiFhAzX0="
    },
    "unified": {
      "version": "6.1.5",
      "resolved": "https://registry.npmjs.org/unified/-/unified-6.1.5.tgz",
      "integrity": "sha1-cWk3hyYhpjE15iztLzrGoGPG+4c="
    },
    "unified-lint-rule": {
      "version": "1.0.1",
      "resolved": "https://registry.npmjs.org/unified-lint-rule/-/unified-lint-rule-1.0.1.tgz",
      "integrity": "sha1-G/cz1A5me/GRXHFWqDZj7QBmbFc="
    },
    "unist-builder": {
      "version": "1.0.2",
      "resolved": "https://registry.npmjs.org/unist-builder/-/unist-builder-1.0.2.tgz",
      "integrity": "sha1-jDuZA+9kvPsRfdfPal2Y/Bs7J7Y="
    },
    "unist-util-generated": {
      "version": "1.1.1",
      "resolved": "https://registry.npmjs.org/unist-util-generated/-/unist-util-generated-1.1.1.tgz",
      "integrity": "sha1-mfFseJWayFTe58YVwpGSTIv03n8="
    },
    "unist-util-is": {
      "version": "2.1.1",
      "resolved": "https://registry.npmjs.org/unist-util-is/-/unist-util-is-2.1.1.tgz",
      "integrity": "sha1-DDEmKeP5YMZukx6BLT2A53AQlHs="
    },
    "unist-util-modify-children": {
      "version": "1.1.1",
      "resolved": "https://registry.npmjs.org/unist-util-modify-children/-/unist-util-modify-children-1.1.1.tgz",
      "integrity": "sha1-ZtfmpEnm9nIguXarPLi166w55R0="
    },
    "unist-util-position": {
      "version": "3.0.0",
      "resolved": "https://registry.npmjs.org/unist-util-position/-/unist-util-position-3.0.0.tgz",
      "integrity": "sha1-5uHgPu64HF4a/lU+jUrfvXwNj4I="
    },
    "unist-util-remove-position": {
      "version": "1.1.1",
      "resolved": "https://registry.npmjs.org/unist-util-remove-position/-/unist-util-remove-position-1.1.1.tgz",
      "integrity": "sha1-WoXBVV/BugwQG4ZwfRXlD6TIcbs="
    },
    "unist-util-stringify-position": {
      "version": "1.1.1",
      "resolved": "https://registry.npmjs.org/unist-util-stringify-position/-/unist-util-stringify-position-1.1.1.tgz",
      "integrity": "sha1-PMvcU2ee7W7PN3fdf14yKcG2qjw="
    },
    "unist-util-visit": {
      "version": "1.1.3",
      "resolved": "https://registry.npmjs.org/unist-util-visit/-/unist-util-visit-1.1.3.tgz",
      "integrity": "sha1-7CaOcxudJ3p5pbWqBkOZDkBdYAs="
    },
    "vfile": {
      "version": "2.2.0",
      "resolved": "https://registry.npmjs.org/vfile/-/vfile-2.2.0.tgz",
      "integrity": "sha1-zkek+zNZIrIz5TXbD32BIdj87U4="
    },
    "vfile-location": {
      "version": "2.0.2",
      "resolved": "https://registry.npmjs.org/vfile-location/-/vfile-location-2.0.2.tgz",
      "integrity": "sha1-02dcWch3SY5JK0dW/2Xkrxp1IlU="
    },
    "vfile-reporter": {
      "version": "4.0.0",
      "resolved": "https://registry.npmjs.org/vfile-reporter/-/vfile-reporter-4.0.0.tgz",
      "integrity": "sha1-6m8K4TQvSEFXOYXgX5QXNvJ96do="
    },
    "vfile-statistics": {
      "version": "1.1.0",
      "resolved": "https://registry.npmjs.org/vfile-statistics/-/vfile-statistics-1.1.0.tgz",
      "integrity": "sha1-AhBMYP3u0dEbH3OtZTMLdjSz2JU="
    },
    "wrapped": {
      "version": "1.0.1",
      "resolved": "https://registry.npmjs.org/wrapped/-/wrapped-1.0.1.tgz",
      "integrity": "sha1-x4PZ2Aeyc+mwHoUWgKk4yHyQckI="
    },
    "x-is-function": {
      "version": "1.0.4",
      "resolved": "https://registry.npmjs.org/x-is-function/-/x-is-function-1.0.4.tgz",
      "integrity": "sha1-XSlNw9Joy90GJYDgxd93o5HR+h4="
    },
    "x-is-string": {
      "version": "0.1.0",
      "resolved": "https://registry.npmjs.org/x-is-string/-/x-is-string-0.1.0.tgz",
      "integrity": "sha1-R0tQhlrzpJqcRlfwWs0UVFj3fYI="
    },
    "xtend": {
      "version": "4.0.1",
      "resolved": "https://registry.npmjs.org/xtend/-/xtend-4.0.1.tgz",
      "integrity": "sha1-pcbVMr5lbiPbgg77lDofBJmNY68="
    }
  }
}
